
Microsoft Visual Studio Solution File, Format Version 12.00
# Visual Studio Version 16
VisualStudioVersion = 16.0.31729.503
MinimumVisualStudioVersion = 10.0.40219.1
Project("{2150E333-8FDC-42A3-9474-1A3956D46DE8}") = "01 - Api", "01 - Api", "{CADE0E65-0B4F-42D6-B45F-84E0C61900DB}"
EndProject
Project("{2150E333-8FDC-42A3-9474-1A3956D46DE8}") = "02 - Apllication", "02 - Apllication", "{A7E59D8C-E49B-442A-B9FD-217967484853}"
EndProject
Project("{2150E333-8FDC-42A3-9474-1A3956D46DE8}") = "03 - Domain", "03 - Domain", "{EADF877D-71E3-4016-887D-D68DC64631C1}"
EndProject
Project("{2150E333-8FDC-42A3-9474-1A3956D46DE8}") = "04 - Data", "04 - Data", "{577222D1-EF5F-4AE6-8BEE-B089C72274F4}"
EndProject
Project("{2150E333-8FDC-42A3-9474-1A3956D46DE8}") = "05 - Test", "05 - Test", "{23477256-7C30-40B5-8EEF-5547C542C927}"
EndProject
Project("{9A19103F-16F7-4668-BE54-9A1E7A4F7556}") = "CCPPC.VirtualShop.Api", "CCPPC.VirtualShop.Api\CCPPC.VirtualShop.Api.csproj", "{F3F888CE-8058-40D8-B879-609D6D943653}"
EndProject
Project("{9A19103F-16F7-4668-BE54-9A1E7A4F7556}") = "CCPPC.VirtualShop.Application", "CCPPC.VirtualShop.Application\CCPPC.VirtualShop.Application.csproj", "{897395F6-DAA0-4A2F-A62C-2FBB07D7F250}"
EndProject
Project("{9A19103F-16F7-4668-BE54-9A1E7A4F7556}") = "CCPPC.VirtualShop.Domain", "CCPPC.VirtualShop.Domain\CCPPC.VirtualShop.Domain.csproj", "{E2CB3877-4D78-4E17-8CCB-918D543AB6FC}"
EndProject
Project("{9A19103F-16F7-4668-BE54-9A1E7A4F7556}") = "CCPPC.VirtualShop.Data", "CCPPC.VirtualShop.Data\CCPPC.VirtualShop.Data.csproj", "{2D97DBB3-F69F-483B-ABE7-84CB2B04A8C7}"
EndProject
Project("{FAE04EC0-301F-11D3-BF4B-00C04F79EFBC}") = "CCPPC.VirtualShop.Test", "CCPPC.VirtualShop.Test\CCPPC.VirtualShop.Test.csproj", "{D59FBF95-D70A-4D81-9FA4-82CC5BD4A029}"
EndProject
Global
	GlobalSection(SolutionConfigurationPlatforms) = preSolution
		Debug|Any CPU = Debug|Any CPU
		Release|Any CPU = Release|Any CPU
	EndGlobalSection
	GlobalSection(ProjectConfigurationPlatforms) = postSolution
		{F3F888CE-8058-40D8-B879-609D6D943653}.Debug|Any CPU.ActiveCfg = Debug|Any CPU
		{F3F888CE-8058-40D8-B879-609D6D943653}.Debug|Any CPU.Build.0 = Debug|Any CPU
		{F3F888CE-8058-40D8-B879-609D6D943653}.Release|Any CPU.ActiveCfg = Release|Any CPU
		{F3F888CE-8058-40D8-B879-609D6D943653}.Release|Any CPU.Build.0 = Release|Any CPU
		{897395F6-DAA0-4A2F-A62C-2FBB07D7F250}.Debug|Any CPU.ActiveCfg = Debug|Any CPU
		{897395F6-DAA0-4A2F-A62C-2FBB07D7F250}.Debug|Any CPU.Build.0 = Debug|Any CPU
		{897395F6-DAA0-4A2F-A62C-2FBB07D7F250}.Release|Any CPU.ActiveCfg = Release|Any CPU
		{897395F6-DAA0-4A2F-A62C-2FBB07D7F250}.Release|Any CPU.Build.0 = Release|Any CPU
		{E2CB3877-4D78-4E17-8CCB-918D543AB6FC}.Debug|Any CPU.ActiveCfg = Debug|Any CPU
		{E2CB3877-4D78-4E17-8CCB-918D543AB6FC}.Debug|Any CPU.Build.0 = Debug|Any CPU
		{E2CB3877-4D78-4E17-8CCB-918D543AB6FC}.Release|Any CPU.ActiveCfg = Release|Any CPU
		{E2CB3877-4D78-4E17-8CCB-918D543AB6FC}.Release|Any CPU.Build.0 = Release|Any CPU
		{2D97DBB3-F69F-483B-ABE7-84CB2B04A8C7}.Debug|Any CPU.ActiveCfg = Debug|Any CPU
		{2D97DBB3-F69F-483B-ABE7-84CB2B04A8C7}.Debug|Any CPU.Build.0 = Debug|Any CPU
		{2D97DBB3-F69F-483B-ABE7-84CB2B04A8C7}.Release|Any CPU.ActiveCfg = Release|Any CPU
		{2D97DBB3-F69F-483B-ABE7-84CB2B04A8C7}.Release|Any CPU.Build.0 = Release|Any CPU
		{D59FBF95-D70A-4D81-9FA4-82CC5BD4A029}.Debug|Any CPU.ActiveCfg = Debug|Any CPU
		{D59FBF95-D70A-4D81-9FA4-82CC5BD4A029}.Debug|Any CPU.Build.0 = Debug|Any CPU
		{D59FBF95-D70A-4D81-9FA4-82CC5BD4A029}.Release|Any CPU.ActiveCfg = Release|Any CPU
		{D59FBF95-D70A-4D81-9FA4-82CC5BD4A029}.Release|Any CPU.Build.0 = Release|Any CPU
	EndGlobalSection
	GlobalSection(SolutionProperties) = preSolution
		HideSolutionNode = FALSE
	EndGlobalSection
	GlobalSection(NestedProjects) = preSolution
		{F3F888CE-8058-40D8-B879-609D6D943653} = {CADE0E65-0B4F-42D6-B45F-84E0C61900DB}
		{897395F6-DAA0-4A2F-A62C-2FBB07D7F250} = {A7E59D8C-E49B-442A-B9FD-217967484853}
		{E2CB3877-4D78-4E17-8CCB-918D543AB6FC} = {EADF877D-71E3-4016-887D-D68DC64631C1}
		{2D97DBB3-F69F-483B-ABE7-84CB2B04A8C7} = {577222D1-EF5F-4AE6-8BEE-B089C72274F4}
		{D59FBF95-D70A-4D81-9FA4-82CC5BD4A029} = {23477256-7C30-40B5-8EEF-5547C542C927}
	EndGlobalSection
	GlobalSection(ExtensibilityGlobals) = postSolution
		SolutionGuid = {2E337BFB-2501-465F-9674-F07B3E0D924E}
	EndGlobalSection
EndGlobal
